
Microsoft Visual Studio Solution File, Format Version 12.00
# Visual Studio 14
VisualStudioVersion = 14.0.25420.1
MinimumVisualStudioVersion = 10.0.40219.1
Project("{FAE04EC0-301F-11D3-BF4B-00C04F79EFBC}") = "WebPrac4Exer1", "WebPrac4Exer1\WebPrac4Exer1.csproj", "{A904BCE1-8BF5-47A2-B3C5-B05588ABD015}"
EndProject
Global
	GlobalSection(SolutionConfigurationPlatforms) = preSolution
		Debug|Any CPU = Debug|Any CPU
		Release|Any CPU = Release|Any CPU
	EndGlobalSection
	GlobalSection(ProjectConfigurationPlatforms) = postSolution
		{A904BCE1-8BF5-47A2-B3C5-B05588ABD015}.Debug|Any CPU.ActiveCfg = Debug|Any CPU
		{A904BCE1-8BF5-47A2-B3C5-B05588ABD015}.Debug|Any CPU.Build.0 = Debug|Any CPU
		{A904BCE1-8BF5-47A2-B3C5-B05588ABD015}.Release|Any CPU.ActiveCfg = Release|Any CPU
		{A904BCE1-8BF5-47A2-B3C5-B05588ABD015}.Release|Any CPU.Build.0 = Release|Any CPU
	EndGlobalSection
	GlobalSection(SolutionProperties) = preSolution
		HideSolutionNode = FALSE
	EndGlobalSection
EndGlobal
